{
  "name": "symfonyconsole",
  "version": "1.0.0",
  "lockfileVersion": 2,
  "requires": true,
  "packages": {
    "": {
      "name": "symfonyconsole",
      "version": "1.0.0",
      "license": "ISC"
    }
  },
  "scripts": {
    "dev": "mix",
    "watch": "watch",
    "production": "mix --production"
  }
}
